{
  "version": "2",
  "remote": {
    "https://deno.land/std@0.113.0/_util/assert.ts": "2f868145a042a11d5ad0a3c748dcf580add8a0dbc0e876eaa0026303a5488f58",
    "https://deno.land/std@0.113.0/bytes/bytes_list.ts": "3bff6a09c72b2e0b1e92e29bd3b135053894196cca07a2bba842901073efe5cb",
    "https://deno.land/std@0.113.0/bytes/equals.ts": "69f55fdbd45c71f920c1a621e6c0865dc780cd8ae34e0f5e55a9497b70c31c1b",
    "https://deno.land/std@0.113.0/bytes/mod.ts": "fedb80b8da2e7ad8dd251148e65f92a04c73d6c5a430b7d197dc39588c8dda6f",
    "https://deno.land/std@0.113.0/fmt/colors.ts": "8368ddf2d48dfe413ffd04cdbb7ae6a1009cf0dccc9c7ff1d76259d9c61a0621",
    "https://deno.land/std@0.113.0/io/buffer.ts": "a587093277c889ded709a933cd7d5b6285978275b2015a7cf9c8a3caad464236",
    "https://deno.land/std@0.113.0/io/files.ts": "8794bf6014e6f3183fc5433926dfef4a50eb8d3ec3b6736ebb4277e5f0ce3420",
    "https://deno.land/std@0.113.0/io/mod.ts": "15804a7fe4d00c3a8c3ffa281845a2d0341414336d5c10e668d1a1c8ecec4114",
    "https://deno.land/std@0.113.0/io/readers.ts": "17403919724fef2f343c88555606368868a5c752a1099ad801f6a381c170f62d",
    "https://deno.land/std@0.113.0/io/streams.ts": "531a435ca1b3586e113151fbbd28f225720f4836f6002650b1ad4b18fb63ac1b",
    "https://deno.land/std@0.113.0/io/types.d.ts": "89a27569399d380246ca7cdd9e14d5e68459f11fb6110790cc5ecbd4ee7f3215",
    "https://deno.land/std@0.113.0/io/util.ts": "419c0c176b743709cd1a7f41326b619d1575dddbaebe89d8a70718ca9f03487e",
    "https://deno.land/std@0.113.0/io/writers.ts": "10067b4e637c602c0ae6bb3b8285da76edeb988f43add4ec4b969c76e17d8a98",
    "https://deno.land/std@0.113.0/streams/conversion.ts": "fe0059ed9d3c53eda4ba44eb71a6a9acb98c5fdb5ba1b6c6ab28004724c7641b",
    "https://deno.land/std@0.113.0/testing/_diff.ts": "ccd6c3af6e44c74bf1591acb1361995f5f50df64323a6e7fb3f16c8ea792c940",
    "https://deno.land/std@0.113.0/testing/asserts.ts": "550c71c634c608cffabf9e50520435cf03ff4bbd1db1253b0ade4debb444b131",
    "https://deno.land/std@0.150.0/_util/assert.ts": "e94f2eb37cebd7f199952e242c77654e43333c1ac4c5c700e929ea3aa5489f74",
    "https://deno.land/std@0.150.0/async/abortable.ts": "87aa7230be8360c24ad437212311c9e8d4328854baec27b4c7abb26e85515c06",
    "https://deno.land/std@0.150.0/async/deadline.ts": "48ac998d7564969f3e6ec6b6f9bf0217ebd00239b1b2292feba61272d5dd58d0",
    "https://deno.land/std@0.150.0/async/debounce.ts": "564273ef242bcfcda19a439132f940db8694173abffc159ea34f07d18fc42620",
    "https://deno.land/std@0.150.0/async/deferred.ts": "bc18e28108252c9f67dfca2bbc4587c3cbf3aeb6e155f8c864ca8ecff992b98a",
    "https://deno.land/std@0.150.0/async/delay.ts": "cbbdf1c87d1aed8edc7bae13592fb3e27e3106e0748f089c263390d4f49e5f6c",
    "https://deno.land/std@0.150.0/async/mod.ts": "9852cd8ed897ab2d41a8fbee611d574e97898327db5c19d9d58e41126473f02c",
    "https://deno.land/std@0.150.0/async/mux_async_iterator.ts": "5b4aca6781ad0f2e19ccdf1d1a1c092ccd3e00d52050d9c27c772658c8367256",
    "https://deno.land/std@0.150.0/async/pool.ts": "ef9eb97b388543acbf0ac32647121e4dbe629236899586c4d4311a8770fbb239",
    "https://deno.land/std@0.150.0/async/tee.ts": "bcfae0017ebb718cf4eef9e2420e8675d91cb1bcc0ed9b668681af6e6caad846",
    "https://deno.land/std@0.150.0/bytes/bytes_list.ts": "aba5e2369e77d426b10af1de0dcc4531acecec27f9b9056f4f7bfbf8ac147ab4",
    "https://deno.land/std@0.150.0/bytes/equals.ts": "3c3558c3ae85526f84510aa2b48ab2ad7bdd899e2e0f5b7a8ffc85acb3a6043a",
    "https://deno.land/std@0.150.0/bytes/mod.ts": "763f97d33051cc3f28af1a688dfe2830841192a9fea0cbaa55f927b49d49d0bf",
    "https://deno.land/std@0.150.0/fmt/colors.ts": "6f9340b7fb8cc25a993a99e5efc56fe81bb5af284ff412129dd06df06f53c0b4",
    "https://deno.land/std@0.150.0/fs/exists.ts": "cb734d872f8554ea40b8bff77ad33d4143c1187eac621a55bf37781a43c56f6d",
    "https://deno.land/std@0.150.0/http/server.ts": "0b0a9f3abfcfecead944b31ee9098a0c11a59b0495bf873ee200eb80e7441483",
    "https://deno.land/std@0.150.0/io/buffer.ts": "bd0c4bf53db4b4be916ca5963e454bddfd3fcd45039041ea161dbf826817822b",
    "https://deno.land/std@0.150.0/io/types.d.ts": "0cae3a62da7a37043661746c65c021058bae020b54e50c0e774916e5d4baee43",
    "https://deno.land/std@0.150.0/log/handlers.ts": "b88c24df61eaeee8581dbef3622f21aebfd061cd2fda49affc1711c0e54d57da",
    "https://deno.land/std@0.150.0/log/levels.ts": "82c965b90f763b5313e7595d4ba78d5095a13646d18430ebaf547526131604d1",
    "https://deno.land/std@0.150.0/log/logger.ts": "4d25581bc02dfbe3ad7e8bb480e1f221793a85be5e056185a0cea134f7a7fdf4",
    "https://deno.land/std@0.150.0/log/mod.ts": "65d2702785714b8d41061426b5c279f11b3dcbc716f3eb5384372a430af63961",
    "https://deno.land/std@0.161.0/async/abortable.ts": "87aa7230be8360c24ad437212311c9e8d4328854baec27b4c7abb26e85515c06",
    "https://deno.land/std@0.161.0/async/deadline.ts": "48ac998d7564969f3e6ec6b6f9bf0217ebd00239b1b2292feba61272d5dd58d0",
    "https://deno.land/std@0.161.0/async/debounce.ts": "dc8b92d4a4fe7eac32c924f2b8d3e62112530db70cadce27042689d82970b350",
    "https://deno.land/std@0.161.0/async/deferred.ts": "d8fb253ffde2a056e4889ef7e90f3928f28be9f9294b6505773d33f136aab4e6",
    "https://deno.land/std@0.161.0/async/delay.ts": "0419dfc993752849692d1f9647edf13407c7facc3509b099381be99ffbc9d699",
    "https://deno.land/std@0.161.0/async/mod.ts": "dd0a8ed4f3984ffabe2fcca7c9f466b7932d57b1864ffee148a5d5388316db6b",
    "https://deno.land/std@0.161.0/async/mux_async_iterator.ts": "3447b28a2a582224a3d4d3596bccbba6e85040da3b97ed64012f7decce98d093",
    "https://deno.land/std@0.161.0/async/pool.ts": "ef9eb97b388543acbf0ac32647121e4dbe629236899586c4d4311a8770fbb239",
    "https://deno.land/std@0.161.0/async/tee.ts": "9af3a3e7612af75861308b52249e167f5ebc3dcfc8a1a4d45462d96606ee2b70",
    "https://deno.land/std@0.176.0/_util/asserts.ts": "178dfc49a464aee693a7e285567b3d0b555dc805ff490505a8aae34f9cfb1462",
    "https://deno.land/std@0.176.0/async/deferred.ts": "42790112f36a75a57db4a96d33974a936deb7b04d25c6084a9fa8a49f135def8",
    "https://deno.land/std@0.176.0/async/delay.ts": "73aa04cec034c84fc748c7be49bb15cac3dd43a57174bfdb7a4aec22c248f0dd",
    "https://deno.land/std@0.176.0/bytes/copy.ts": "939d89e302a9761dcf1d9c937c7711174ed74c59eef40a1e4569a05c9de88219",
    "https://deno.land/std@0.176.0/io/buf_reader.ts": "90a7adcb3638d8e1361695cdf844d58bcd97c41711dc6f9f8acc0626ebe097f5",
    "https://deno.land/std@0.176.0/io/buf_writer.ts": "759c69d304b04d2909976f2a03a24a107276fbd81ed13593c5c2d43d104b52f3",
    "https://deno.land/std@0.176.0/types.d.ts": "220ed56662a0bd393ba5d124aa6ae2ad36a00d2fcbc0e8666a65f4606aaa9784",
    "https://deno.land/std@0.177.0/async/abortable.ts": "73acfb3ed7261ce0d930dbe89e43db8d34e017b063cf0eaa7d215477bf53442e",
    "https://deno.land/std@0.177.0/async/deadline.ts": "c5facb0b404eede83e38bd2717ea8ab34faa2ffb20ef87fd261fcba32ba307aa",
    "https://deno.land/std@0.177.0/async/debounce.ts": "adab11d04ca38d699444ac8a9d9856b4155e8dda2afd07ce78276c01ea5a4332",
    "https://deno.land/std@0.177.0/async/deferred.ts": "42790112f36a75a57db4a96d33974a936deb7b04d25c6084a9fa8a49f135def8",
    "https://deno.land/std@0.177.0/async/delay.ts": "73aa04cec034c84fc748c7be49bb15cac3dd43a57174bfdb7a4aec22c248f0dd",
    "https://deno.land/std@0.177.0/async/mod.ts": "f04344fa21738e5ad6bea37a6bfffd57c617c2d372bb9f9dcfd118a1b622e576",
    "https://deno.land/std@0.177.0/async/mux_async_iterator.ts": "70c7f2ee4e9466161350473ad61cac0b9f115cff4c552eaa7ef9d50c4cbb4cc9",
    "https://deno.land/std@0.177.0/async/pool.ts": "fd082bd4aaf26445909889435a5c74334c017847842ec035739b4ae637ae8260",
    "https://deno.land/std@0.177.0/async/retry.ts": "5efa3ba450ac0c07a40a82e2df296287b5013755d232049efd7ea2244f15b20f",
    "https://deno.land/std@0.177.0/async/tee.ts": "47e42d35f622650b02234d43803d0383a89eb4387e1b83b5a40106d18ae36757",
    "https://deno.land/std@0.177.0/http/server.ts": "cbb17b594651215ba95c01a395700684e569c165a567e4e04bba327f41197433",
    "https://deno.land/x/async_lock@1.0.1/mod.ts": "c560eee5dce14166d25f05eac72d5e161a50fb5eb48c734125c435301e308c15",
    "https://deno.land/x/gotrue@3.0.0/mod.ts": "878db4a2be913f69d5c0fd553888b60f34c62841ad051bd4a5144ec813f8f3f3",
    "https://deno.land/x/gotrue@3.0.0/src/GoTrueApi.ts": "311a89687b560e70ad510380c16264a30703bc646028af004c0d422ed05d468e",
    "https://deno.land/x/gotrue@3.0.0/src/GoTrueClient.ts": "b93bf389cdfdc006f3d19871d3c55d68d6f7391cc4f4eb545cb41244595bb1e3",
    "https://deno.land/x/gotrue@3.0.0/src/index.ts": "e265079e69832bd355eb860f92bcde71df7bf4448db90ee741af7a40e96e371f",
    "https://deno.land/x/gotrue@3.0.0/src/lib/constants.ts": "99fe1f45b74943e73f123766f210f0b4ce46671c279d8f7a30c1d8943f0fdbb7",
    "https://deno.land/x/gotrue@3.0.0/src/lib/cookies.ts": "ef8d1ca008be5773a2f2e5d56a47cbc4b23d102cd525360fe3677fe331cd7392",
    "https://deno.land/x/gotrue@3.0.0/src/lib/fetch.ts": "c0faad273e3fbb2e2fde34c3cd24ba3fd4863133547f0b5e7ebf3434fa50ae37",
    "https://deno.land/x/gotrue@3.0.0/src/lib/helpers.ts": "f00d0205d0f6ba689e30112df0daf99813c627588ffd00a47a72558ff807ee5d",
    "https://deno.land/x/gotrue@3.0.0/src/lib/polyfills.ts": "b9763999b65aa7a8f6929fce91f7da7084544891ea0428692e7d7ba055127f40",
    "https://deno.land/x/gotrue@3.0.0/src/lib/types.ts": "a0d54dff78e6d067e630cf9c369879169debfe408488b2f87a47674749479ec5",
    "https://deno.land/x/postgrest@1.1.0/mod.ts": "f9083310fb2a7a277a12ca55969a89e176d6c74e73c08e72e269d2b5001cb29e",
    "https://deno.land/x/postgrest@1.1.0/src/PostgrestClient.ts": "28e6e6ee086f9d747c787019151291ba1415319ea611612bd1c484c9e6c5c38b",
    "https://deno.land/x/postgrest@1.1.0/src/lib/PostgrestFilterBuilder.ts": "c1b96f3f33623d7a41f176ca5f1cd202d858375941abc7e545e63056ccac0aef",
    "https://deno.land/x/postgrest@1.1.0/src/lib/PostgrestQueryBuilder.ts": "5c3df0b7a048b6c8a0b369d5969dd462244639ad90b8f0e5d34dd36573cc512c",
    "https://deno.land/x/postgrest@1.1.0/src/lib/PostgrestRpcBuilder.ts": "b34554456391e71caddbd7fa9135410db15f783371d0d280da481e0499fa0a75",
    "https://deno.land/x/postgrest@1.1.0/src/lib/PostgrestTransformBuilder.ts": "ca55d538d213f84c593f0e92386cdd092aa0dd5daec3fd039cec5372854d9b7b",
    "https://deno.land/x/postgrest@1.1.0/src/lib/constants.ts": "573a8b73d9985a007159cbaff1babbc14a7fee39c3185c52c03292d0244f7bdf",
    "https://deno.land/x/postgrest@1.1.0/src/lib/types.ts": "a81dae9675ef2d58307296038258d934b918db83bfc570f151a14cda2a260b4d",
    "https://deno.land/x/postgrest@1.1.0/src/mod.ts": "de0d415622414fa6286ad6a3f3316fde2e768e0f7b660e21646d27e75b9c0bd2",
    "https://deno.land/x/realtime@1.2.0/mod.ts": "878db4a2be913f69d5c0fd553888b60f34c62841ad051bd4a5144ec813f8f3f3",
    "https://deno.land/x/realtime@1.2.0/src/RealtimeClient.ts": "d02ca6a0116f1f2e9e0436cdb27b61923540645d1fcf538d1c99c692a236078c",
    "https://deno.land/x/realtime@1.2.0/src/RealtimeSubscription.ts": "09811ef6b1df80b35772fb9052bc9186f801728402b435e0555e1f6ce97f3350",
    "https://deno.land/x/realtime@1.2.0/src/index.ts": "81afade42625525638217b2bcf944fbd1cd29151673e2f0090d6a4797e3f29cf",
    "https://deno.land/x/realtime@1.2.0/src/lib/constants.ts": "0ede41b36795854f703eda96d5260e1732e50ec4cbe134b81dadce6ecf053cf7",
    "https://deno.land/x/realtime@1.2.0/src/lib/push.ts": "f6dc8535cb58cfe360eb35ae90bbf805e1678d2b6cefde8ea03d5b813f8e9acc",
    "https://deno.land/x/realtime@1.2.0/src/lib/serializer.ts": "a3c839241029542123fed612c65c0b483e3d7c4faf3dd596efbe0d3b1e825ee6",
    "https://deno.land/x/realtime@1.2.0/src/lib/timer.ts": "c6a72cda7071ae39217941aa5faa38146d861f208b7a9423e1726f45a44b46a4",
    "https://deno.land/x/realtime@1.2.0/src/lib/transformers.ts": "4be824aa14b466c8ed05b3c5a7bfa217174f67474f099b078e854b77de424bd7",
    "https://deno.land/x/redis@v0.29.1/backoff.ts": "33e4a6e245f8743fbae0ce583993a671a3ac2ecee433a3e7f0bd77b5dd541d84",
    "https://deno.land/x/redis@v0.29.1/command.ts": "9d1a679821c9065298fc2b8831b6532605426259b17a1f9d41ee9219180244c7",
    "https://deno.land/x/redis@v0.29.1/connection.ts": "335f0aa728b8e0b90353c4015daf5abaa7cae657739eb66cb48324f2d197dcc0",
    "https://deno.land/x/redis@v0.29.1/errors.ts": "589c41fc0fbd9fbac896a2517cf461a6af211432dd4bb77e0681f5a256d46e66",
    "https://deno.land/x/redis@v0.29.1/executor.ts": "0e78c2756f6d14fc0a001bb7527c50c7055880d8e052a9964ecf070a3045f8c7",
    "https://deno.land/x/redis@v0.29.1/mod.ts": "20908f005f5c102525ce6aa9261648c95c5f61c6cf782b2cbb2fce88b1220f69",
    "https://deno.land/x/redis@v0.29.1/pipeline.ts": "80cc26a881149264d51dd019f1044c4ec9012399eca9f516057dc81c9b439370",
    "https://deno.land/x/redis@v0.29.1/protocol/_util.ts": "0525f7f444a96b92cd36423abdfe221f8d8de4a018dc5cb6750a428a5fc897c2",
    "https://deno.land/x/redis@v0.29.1/protocol/command.ts": "610180ecfaad1d99b32c2a1e3fb41521e3374c4eac0314f2b6e27b2cb3d6a4d9",
    "https://deno.land/x/redis@v0.29.1/protocol/mod.ts": "f2601df31d8adc71785b5d19f6a7e43dfce94adbb6735c4dafc1fb129169d11a",
    "https://deno.land/x/redis@v0.29.1/protocol/reply.ts": "4b7432263924ca611f08af818436eafd9433eef07a835bc0338a08def5db1a30",
    "https://deno.land/x/redis@v0.29.1/protocol/types.ts": "6bf515b69712dfd4ab45caf1d0054b8fcdd6e1afb55b2bd9a221e9ecb066f658",
    "https://deno.land/x/redis@v0.29.1/pubsub.ts": "58b7431c1383fc20addfc7ab1272b28e35a4d101173ea59ade28612ad7fef573",
    "https://deno.land/x/redis@v0.29.1/redis.ts": "bac44a54df4b19066c86f76fd130516bd89f15e1bdb4158998227fbc32ef1c52",
    "https://deno.land/x/redis@v0.29.1/stream.ts": "f116d73cfe04590ff9fa8a3c08be8ff85219d902ef2f6929b8c1e88d92a07810",
    "https://deno.land/x/redis@v0.29.1/vendor/https/deno.land/std/async/deferred.ts": "ef161b2d69f52e5f2d5250227afb5fcecfa038217a37555868152d3c47c8d61c",
    "https://deno.land/x/redis@v0.29.1/vendor/https/deno.land/std/async/delay.ts": "07bb8709c87bf457da6a7460668aa63afcda738719f5941237cb74ef795f49a8",
    "https://deno.land/x/redis@v0.29.1/vendor/https/deno.land/std/io/buf_reader.ts": "b8cd05912ca54ebebc77bddbd38612bfff585ca7f053d94038b8c644e6a17e0b",
    "https://deno.land/x/redis@v0.29.1/vendor/https/deno.land/std/io/buf_writer.ts": "2137f495110ebfa615bf9ab684ffc5af902a41ab3911cdd997eefc1ae529c54a",
    "https://deno.land/x/socket_io@0.1.1/deps.ts": "136b3fc7c55f2a06a367965da3395f1bf7de66d36a0d91c5f795084fa8c67ab3",
    "https://deno.land/x/socket_io@0.1.1/mod.ts": "cc52c1f6fc1a647d7ac62d22d3125063cc598e8b291b14c0d51dc66c722afb9b",
    "https://deno.land/x/socket_io@0.1.1/packages/engine.io-parser/base64-arraybuffer.ts": "57ccea6679609df5416159fcc8a47936ad28ad6fe32235ef78d9223a3a823407",
    "https://deno.land/x/socket_io@0.1.1/packages/engine.io-parser/mod.ts": "27d35094e2159ba49f6e74f11ed83b6208a6adb5a2d5ab3cbbdcdc9dc0e36ae7",
    "https://deno.land/x/socket_io@0.1.1/packages/engine.io/lib/cors.ts": "e39b530dc3526ef85f288766ce592fa5cce2ec38b3fa19922041a7885b79b67c",
    "https://deno.land/x/socket_io@0.1.1/packages/engine.io/lib/server.ts": "1321852222ccf6b656787881fe0112c2a62930beaf1a56b6f5b327511323176f",
    "https://deno.land/x/socket_io@0.1.1/packages/engine.io/lib/socket.ts": "35ca125a934df684ff9b1c9b1d22ba78ccefc1bb6d6e9f9869b6da71dc940981",
    "https://deno.land/x/socket_io@0.1.1/packages/engine.io/lib/transport.ts": "8d09ae6bde2f71942cfbae96265aa693387e054776cf2ef5a3b4f8aafa9a427f",
    "https://deno.land/x/socket_io@0.1.1/packages/engine.io/lib/transports/polling.ts": "3d3cf369eb430360b57eaf18c74fb7783a1641ed8613c460cdfa8f663ca66be4",
    "https://deno.land/x/socket_io@0.1.1/packages/engine.io/lib/transports/websocket.ts": "fd818e91e10c55b587a221669f90cc79df42574f781e50ef73bf3539fd9bcfee",
    "https://deno.land/x/socket_io@0.1.1/packages/engine.io/lib/util.ts": "9f396a141422c8a2e2ef4cbb31c8b7ec96665d8f1ca397888eaaa9ad28ca8c65",
    "https://deno.land/x/socket_io@0.1.1/packages/engine.io/mod.ts": "3f7d85ebd3bee6e17838f4867927d808f35090a71e088fd4dd802e3255d44c4a",
    "https://deno.land/x/socket_io@0.1.1/packages/event-emitter/mod.ts": "dcb2cb9c0b409060cf15a6306a8dbebea844aa3c58f782ed1d4bc3ccef7c2835",
    "https://deno.land/x/socket_io@0.1.1/packages/socket.io-parser/mod.ts": "44479cf563b0ad80efedd1059cd40114bc5db199b45e623c2764e80f4a264f8c",
    "https://deno.land/x/socket_io@0.1.1/packages/socket.io/lib/adapter.ts": "464ac4d48a1e61483a780f8c3d332e5b270e47bcc0fc352ff0776f59604730a0",
    "https://deno.land/x/socket_io@0.1.1/packages/socket.io/lib/broadcast-operator.ts": "d5bfba21db619e62537647824cdb99f1b01339e24f279ca234bae6eb405c06fc",
    "https://deno.land/x/socket_io@0.1.1/packages/socket.io/lib/client.ts": "b0d43c4b5ecad3fe26f35431ecf671910926da747fbb08bcd0ee69592f2c37be",
    "https://deno.land/x/socket_io@0.1.1/packages/socket.io/lib/namespace.ts": "0976c4368a6be4979be4aee1f8130d3a00a666d1919128a609cac425acb6ff40",
    "https://deno.land/x/socket_io@0.1.1/packages/socket.io/lib/parent-namespace.ts": "2d7f8a70498d161856aec522ae2f98727d58c5a9c252ad51a6ab5830b4fa9e2e",
    "https://deno.land/x/socket_io@0.1.1/packages/socket.io/lib/server.ts": "c8814985a7cfa0dbad70a2daee6e6893f79b2027ddac7a3e7ba433f3c779944b",
    "https://deno.land/x/socket_io@0.1.1/packages/socket.io/lib/socket.ts": "950c6002fa48f31925badf3aa4dc0edc3d3bba9a6a1a15897c0209dce148f1e4",
    "https://deno.land/x/socket_io@0.1.1/packages/socket.io/mod.ts": "b91bcfaf55f45e45b9f5a779856d8c2a07543e7f3cc89c365ed636ee6742220a",
    "https://deno.land/x/storagee@1.3.0/mod.ts": "cac8e55ad9db1ea74f90c1a39bfecee793dc4a02faba5f75a31ca64804ec5d68",
    "https://deno.land/x/storagee@1.3.0/src/SupabaseStorageClient.ts": "b568d022b88272f38a3c67f662ad81be849f2f77d83c5cf5b1cca2dafdab66b3",
    "https://deno.land/x/storagee@1.3.0/src/index.ts": "62a2481f4ee9171f3851e8d6a1e16fdc0ada9f07c7f7a9480f530f138bd085bf",
    "https://deno.land/x/storagee@1.3.0/src/lib/StorageBucketApi.ts": "86559cc71b48b70633345516f89a059ce40416e32dd024b8fb6015055e94643e",
    "https://deno.land/x/storagee@1.3.0/src/lib/StorageFileApi.ts": "172e93ced916127764b7e672ffa78ee4e8119456023aabf726d6ac31b63c0d45",
    "https://deno.land/x/storagee@1.3.0/src/lib/constants.ts": "8937d4bfedb886f30b360af54eaadf85615afcff794335dab81b4803b80699e1",
    "https://deno.land/x/storagee@1.3.0/src/lib/fetch.ts": "d8baf400957b23c6d4c65a1b5182036e7afbdb05df96fdde6b8e57049f81e0f8",
    "https://deno.land/x/storagee@1.3.0/src/lib/index.ts": "618fbbff5e331af2d83a660d8af5efeb3eecbf36cbea7113da62e5cbe19b9ab9",
    "https://deno.land/x/storagee@1.3.0/src/lib/types.ts": "05446bd537640e2b92dd271e055d1a06dea1360a72699cf410d208ae44ac02dd",
    "https://deno.land/x/supabase@1.3.1/mod.ts": "878db4a2be913f69d5c0fd553888b60f34c62841ad051bd4a5144ec813f8f3f3",
    "https://deno.land/x/supabase@1.3.1/src/SupabaseClient.ts": "17b7f0b80e000d2cc3641d2791cab62117a08ec4ad1ddba86441917d7c9ef823",
    "https://deno.land/x/supabase@1.3.1/src/index.ts": "379a4f5b741d52eec4142b86163f180aab10653036d1b5f569a0cfb101502070",
    "https://deno.land/x/supabase@1.3.1/src/lib/SupabaseAuthClient.ts": "c2f0697733536c973ce1edc6e0fe845f4e144a380bd4cc54cebe8250acb51f92",
    "https://deno.land/x/supabase@1.3.1/src/lib/SupabaseQueryBuilder.ts": "006e9e210037aa7bf3453662eeff941ba404630ca7f3938fa7c847a188551879",
    "https://deno.land/x/supabase@1.3.1/src/lib/SupabaseRealtimeClient.ts": "1ea972819b20bbe290d91510a5ed39030a7edf28b6931163784dcf82f5d37f3b",
    "https://deno.land/x/supabase@1.3.1/src/lib/constants.ts": "47513524131dd0f16027591334900d3847eb7df3ce735b18ca20990531878dab",
    "https://deno.land/x/supabase@1.3.1/src/lib/types.ts": "373e29fe76e7bdd9eab01d8e154e8da39da1bfad213245a5dbf5141aa65e8cb2",
    "https://unpkg.com/@msgpack/msgpack@2.7.2/dist.es5+esm/CachedKeyDecoder.mjs": "e992b5af6c03e9c70573ca96ae1be1ff97fd601809c7fe3704447a547233994f",
    "https://unpkg.com/@msgpack/msgpack@2.7.2/dist.es5+esm/DecodeError.mjs": "bc64d4227acef1233001f44a30b6df186fbbdb466e9d3f5587380e5157375bc8",
    "https://unpkg.com/@msgpack/msgpack@2.7.2/dist.es5+esm/Decoder.mjs": "6ee9a1660203942623ba54b2510c509d73290e602807cbaa19536a77a8501d24",
    "https://unpkg.com/@msgpack/msgpack@2.7.2/dist.es5+esm/Encoder.mjs": "3fd8cf4432458ef2a87ad364ea8691e78f377cec48824f141d7d7ac4813c8f08",
    "https://unpkg.com/@msgpack/msgpack@2.7.2/dist.es5+esm/ExtData.mjs": "bf0ea75d7fce72e0da32b6b6f9d9bd4560cdb10c331ff76e8297eea6234b69f1",
    "https://unpkg.com/@msgpack/msgpack@2.7.2/dist.es5+esm/ExtensionCodec.mjs": "017575ae545bf1930969a4557d200d800592d92bc753458b3bb58887166cd6cb",
    "https://unpkg.com/@msgpack/msgpack@2.7.2/dist.es5+esm/decode.mjs": "5b8102bb4f97b6c5ba1748f0b80c1ca4940159008e3767e66157ff4a2b461092",
    "https://unpkg.com/@msgpack/msgpack@2.7.2/dist.es5+esm/decodeAsync.mjs": "218f2035f5a0a03465c8f111882f96c46a4ed8f87f4d539a592409d54b86aaba",
    "https://unpkg.com/@msgpack/msgpack@2.7.2/dist.es5+esm/encode.mjs": "a385b7c83bce6f82d4ac9c74211d59076a80c4896165bf2df47a187d7441ee0d",
    "https://unpkg.com/@msgpack/msgpack@2.7.2/dist.es5+esm/index.mjs": "0ac91a24bd7872b5b2b04fc32fc904f2a262f830240fa672495fae166dd142fa",
    "https://unpkg.com/@msgpack/msgpack@2.7.2/dist.es5+esm/timestamp.mjs": "777001c8571319ee050c0668d5b59e8cb609fb0c251267cc69307a04a01f06e2",
    "https://unpkg.com/@msgpack/msgpack@2.7.2/dist.es5+esm/utils/int.mjs": "7e427a3cd8a9fe746f5c0a4df4cc2d8d1b0e451e4221d30e71d71cf67e365a2d",
    "https://unpkg.com/@msgpack/msgpack@2.7.2/dist.es5+esm/utils/prettyByte.mjs": "1d32e0fd0224f65a0be0ddcbfa20a28d6054774abed60ee277bbb765df442741",
    "https://unpkg.com/@msgpack/msgpack@2.7.2/dist.es5+esm/utils/stream.mjs": "ddf9f28570b9de657a6b6ba4196bcbefc3baf0428af9ab7093df04a6fb084c03",
    "https://unpkg.com/@msgpack/msgpack@2.7.2/dist.es5+esm/utils/typedArrays.mjs": "c7752409964c84c33d858118d7e945fe613aaf79ab4193c11bd5fdb991118e72",
    "https://unpkg.com/@msgpack/msgpack@2.7.2/dist.es5+esm/utils/utf8.mjs": "5c2d5f0e4c4c10f4a973be26ae518f6693a24b263aecc43b29f03cdae43fe116",
    "https://unpkg.com/@msgpack/msgpack@2.7.2/mod.ts": "23f286a8b98df88fcb97f7d0d87c67218ccffa33fcb1ff0926d68f7cc9c22731"
  }
}
